
Microsoft Visual Studio Solution File, Format Version 12.00
# Visual Studio Version 17
VisualStudioVersion = 17.11.35208.52
MinimumVisualStudioVersion = 10.0.40219.1
Project("{9A19103F-16F7-4668-BE54-9A1E7A4F7556}") = "API_CRUD_EF_MVC", "API_CRUD_EF_MVC\API_CRUD_EF_MVC.csproj", "{2442A75B-7CF8-4A58-AF7A-EFC7223987F6}"
EndProject
Global
	GlobalSection(SolutionConfigurationPlatforms) = preSolution
		Debug|Any CPU = Debug|Any CPU
		Release|Any CPU = Release|Any CPU
	EndGlobalSection
	GlobalSection(ProjectConfigurationPlatforms) = postSolution
		{2442A75B-7CF8-4A58-AF7A-EFC7223987F6}.Debug|Any CPU.ActiveCfg = Debug|Any CPU
		{2442A75B-7CF8-4A58-AF7A-EFC7223987F6}.Debug|Any CPU.Build.0 = Debug|Any CPU
		{2442A75B-7CF8-4A58-AF7A-EFC7223987F6}.Release|Any CPU.ActiveCfg = Release|Any CPU
		{2442A75B-7CF8-4A58-AF7A-EFC7223987F6}.Release|Any CPU.Build.0 = Release|Any CPU
	EndGlobalSection
	GlobalSection(SolutionProperties) = preSolution
		HideSolutionNode = FALSE
	EndGlobalSection
	GlobalSection(ExtensibilityGlobals) = postSolution
		SolutionGuid = {C57D62E1-334B-4A9E-A9B4-B01D44E91EB9}
	EndGlobalSection
EndGlobal
